<?xml version="1.0" encoding="utf-8"?>
<Project ToolsVersion="4.0" xmlns="http://schemas.microsoft.com/developer/msbuild/2003">
  <ItemGroup>
    <Filter Include="源文件">
      <UniqueIdentifier>{4FC737F1-C7A5-4376-A066-2A32D752A2FF}</UniqueIdentifier>
      <Extensions>cpp;c;cc;cxx;c++;cppm;ixx;def;odl;idl;hpj;bat;asm;asmx</Extensions>
    </Filter>
    <Filter Include="头文件">
      <UniqueIdentifier>{93995380-89BD-4b04-88EB-625FBE52EBFB}</UniqueIdentifier>
      <Extensions>h;hh;hpp;hxx;h++;hm;inl;inc;ipp;xsd</Extensions>
    </Filter>
    <Filter Include="资源文件">
      <UniqueIdentifier>{67DA6AB6-F800-4c08-8B7A-83BB121AAD01}</UniqueIdentifier>
      <Extensions>rc;ico;cur;bmp;dlg;rc2;rct;bin;rgs;gif;jpg;jpeg;jpe;resx;tiff;tif;png;wav;mfcribbon-ms</Extensions>
    </Filter>
  </ItemGroup>
  <ItemGroup>
    <ClCompile Include="Src\main.cpp">
      <Filter>源文件</Filter>
    </ClCompile>
    <ClCompile Include="Include\GLAD\glad.c">
      <Filter>源文件</Filter>
    </ClCompile>
    <ClCompile Include="Src\ShaderCompiler\ShaderCompiler.cpp">
      <Filter>源文件</Filter>
    </ClCompile>
    <ClCompile Include="Src\ShaderCompiler\Shader.cpp">
      <Filter>源文件</Filter>
    </ClCompile>
    <ClCompile Include="Include\stb_image\stb_image.cpp">
      <Filter>源文件</Filter>
    </ClCompile>
    <ClCompile Include="Src\TextureLoader\Texture2d.cpp">
      <Filter>源文件</Filter>
    </ClCompile>
    <ClCompile Include="Src\TextureLoader\TextureLoader.cpp">
      <Filter>源文件</Filter>
    </ClCompile>
    <ClCompile Include="Src\Camera\Camera.cpp">
      <Filter>源文件</Filter>
    </ClCompile>
    <ClCompile Include="Src\Model\Mesh.cpp">
      <Filter>源文件</Filter>
    </ClCompile>
    <ClCompile Include="Src\Model\Model.cpp">
      <Filter>源文件</Filter>
    </ClCompile>
  </ItemGroup>
  <ItemGroup>
    <ClInclude Include="Src\ShaderCompiler\ShaderCompiler.h">
      <Filter>头文件</Filter>
    </ClInclude>
    <ClInclude Include="Src\ShaderCompiler\Shader.h">
      <Filter>头文件</Filter>
    </ClInclude>
    <ClInclude Include="Include\stb_image\stb_image.h">
      <Filter>头文件</Filter>
    </ClInclude>
    <ClInclude Include="Src\TextureLoader\TextureLoader.h">
      <Filter>头文件</Filter>
    </ClInclude>
    <ClInclude Include="Src\TextureLoader\Texture2d.h">
      <Filter>头文件</Filter>
    </ClInclude>
    <ClInclude Include="Src\Camera\Camera.h">
      <Filter>头文件</Filter>
    </ClInclude>
    <ClInclude Include="Src\Camera\CameraDataDefine.h">
      <Filter>头文件</Filter>
    </ClInclude>
    <ClInclude Include="Src\Util\Util.h">
      <Filter>头文件</Filter>
    </ClInclude>
    <ClInclude Include="Src\Util\Util.hpp">
      <Filter>头文件</Filter>
    </ClInclude>
    <ClInclude Include="Src\Model\Mesh.h">
      <Filter>头文件</Filter>
    </ClInclude>
    <ClInclude Include="Src\Model\Model.h">
      <Filter>头文件</Filter>
    </ClInclude>
  </ItemGroup>
  <ItemGroup>
    <None Include="Shader\shader-1.fs" />
    <None Include="Shader\shader-1.vs" />
    <None Include="Shader\aperture.fs" />
    <None Include="Shader\mix.fs" />
    <None Include="Shader\Pinku.fs" />
  </ItemGroup>
  <ItemGroup>
    <Image Include="resource\texture\container.jpg">
      <Filter>资源文件</Filter>
    </Image>
  </ItemGroup>
</Project>